// !$*UTF8*$!
{
	archiveVersion = 1;
	classes = {
	};
	objectVersion = 46;
	objects = {

/* Begin PBXBuildFile section */
		C2600EC91B60D14300FC2274 /* main.m in Sources */ = {isa = PBXBuildFile; fileRef = C2600EC81B60D14300FC2274 /* main.m */; };
		C2600ECC1B60D14300FC2274 /* AppDelegate.m in Sources */ = {isa = PBXBuildFile; fileRef = C2600ECB1B60D14300FC2274 /* AppDelegate.m */; };
		C2600ECF1B60D14300FC2274 /* ViewController.m in Sources */ = {isa = PBXBuildFile; fileRef = C2600ECE1B60D14300FC2274 /* ViewController.m */; };
		C2600ED21B60D14300FC2274 /* Main.storyboard in Resources */ = {isa = PBXBuildFile; fileRef = C2600ED01B60D14300FC2274 /* Main.storyboard */; };
		C2600ED41B60D14300FC2274 /* Images.xcassets in Resources */ = {isa = PBXBuildFile; fileRef = C2600ED31B60D14300FC2274 /* Images.xcassets */; };
		C2600ED71B60D14300FC2274 /* LaunchScreen.xib in Resources */ = {isa = PBXBuildFile; fileRef = C2600ED51B60D14300FC2274 /* LaunchScreen.xib */; };
		C2600EE31B60D14300FC2274 /* _____Tests.m in Sources */ = {isa = PBXBuildFile; fileRef = C2600EE21B60D14300FC2274 /* _____Tests.m */; };
		C2600EEE1B60D17200FC2274 /* SetterTest.m in Sources */ = {isa = PBXBuildFile; fileRef = C2600EED1B60D17200FC2274 /* SetterTest.m */; };
/* End PBXBuildFile section */

/* Begin PBXContainerItemProxy section */
		C2600EDD1B60D14300FC2274 /* PBXContainerItemProxy */ = {
			isa = PBXContainerItemProxy;
			containerPortal = C2600EBB1B60D14300FC2274 /* Project object */;
			proxyType = 1;
			remoteGlobalIDString = C2600EC21B60D14300FC2274;
			remoteInfo = "笔试题练习";
		};
/* End PBXContainerItemProxy section */

/* Begin PBXFileReference section */
		C2600EC31B60D14300FC2274 /* 笔试题练习.app */ = {isa = PBXFileReference; explicitFileType = wrapper.application; includeInIndex = 0; path = "笔试题练习.app"; sourceTree = BUILT_PRODUCTS_DIR; };
		C2600EC71B60D14300FC2274 /* Info.plist */ = {isa = PBXFileReference; lastKnownFileType = text.plist.xml; path = Info.plist; sourceTree = "<group>"; };
		C2600EC81B60D14300FC2274 /* main.m */ = {isa = PBXFileReference; lastKnownFileType = sourcecode.c.objc; path = main.m; sourceTree = "<group>"; };
		C2600ECA1B60D14300FC2274 /* AppDelegate.h */ = {isa = PBXFileReference; lastKnownFileType = sourcecode.c.h; path = AppDelegate.h; sourceTree = "<group>"; };
		C2600ECB1B60D14300FC2274 /* AppDelegate.m */ = {isa = PBXFileReference; lastKnownFileType = sourcecode.c.objc; path = AppDelegate.m; sourceTree = "<group>"; };
		C2600ECD1B60D14300FC2274 /* ViewController.h */ = {isa = PBXFileReference; lastKnownFileType = sourcecode.c.h; path = ViewController.h; sourceTree = "<group>"; };
		C2600ECE1B60D14300FC2274 /* ViewController.m */ = {isa = PBXFileReference; lastKnownFileType = sourcecode.c.objc; path = ViewController.m; sourceTree = "<group>"; };
		C2600ED11B60D14300FC2274 /* Base */ = {isa = PBXFileReference; lastKnownFileType = file.storyboard; name = Base; path = Base.lproj/Main.storyboard; sourceTree = "<group>"; };
		C2600ED31B60D14300FC2274 /* Images.xcassets */ = {isa = PBXFileReference; lastKnownFileType = folder.assetcatalog; path = Images.xcassets; sourceTree = "<group>"; };
		C2600ED61B60D14300FC2274 /* Base */ = {isa = PBXFileReference; lastKnownFileType = file.xib; name = Base; path = Base.lproj/LaunchScreen.xib; sourceTree = "<group>"; };
		C2600EDC1B60D14300FC2274 /* 笔试题练习Tests.xctest */ = {isa = PBXFileReference; explicitFileType = wrapper.cfbundle; includeInIndex = 0; path = "笔试题练习Tests.xctest"; sourceTree = BUILT_PRODUCTS_DIR; };
		C2600EE11B60D14300FC2274 /* Info.plist */ = {isa = PBXFileReference; lastKnownFileType = text.plist.xml; path = Info.plist; sourceTree = "<group>"; };
		C2600EE21B60D14300FC2274 /* _____Tests.m */ = {isa = PBXFileReference; lastKnownFileType = sourcecode.c.objc; path = "_____Tests.m"; sourceTree = "<group>"; };
		C2600EEC1B60D17200FC2274 /* SetterTest.h */ = {isa = PBXFileReference; fileEncoding = 4; lastKnownFileType = sourcecode.c.h; path = SetterTest.h; sourceTree = "<group>"; };
		C2600EED1B60D17200FC2274 /* SetterTest.m */ = {isa = PBXFileReference; fileEncoding = 4; lastKnownFileType = sourcecode.c.objc; path = SetterTest.m; sourceTree = "<group>"; };
/* End PBXFileReference section */

/* Begin PBXFrameworksBuildPhase section */
		C2600EC01B60D14300FC2274 /* Frameworks */ = {
			isa = PBXFrameworksBuildPhase;
			buildActionMask = 2147483647;
			files = (
			);
			runOnlyForDeploymentPostprocessing = 0;
		};
		C2600ED91B60D14300FC2274 /* Frameworks */ = {
			isa = PBXFrameworksBuildPhase;
			buildActionMask = 2147483647;
			files = (
			);
			runOnlyForDeploymentPostprocessing = 0;
		};
/* End PBXFrameworksBuildPhase section */

/* Begin PBXGroup section */
		C2600EBA1B60D14300FC2274 = {
			isa = PBXGroup;
			children = (
				C2600EC51B60D14300FC2274 /* 笔试题练习 */,
				C2600EDF1B60D14300FC2274 /* 笔试题练习Tests */,
				C2600EC41B60D14300FC2274 /* Products */,
			);
			sourceTree = "<group>";
		};
		C2600EC41B60D14300FC2274 /* Products */ = {
			isa = PBXGroup;
			children = (
				C2600EC31B60D14300FC2274 /* 笔试题练习.app */,
				C2600EDC1B60D14300FC2274 /* 笔试题练习Tests.xctest */,
			);
			name = Products;
			sourceTree = "<group>";
		};
		C2600EC51B60D14300FC2274 /* 笔试题练习 */ = {
			isa = PBXGroup;
			children = (
				C2600ECA1B60D14300FC2274 /* AppDelegate.h */,
				C2600ECB1B60D14300FC2274 /* AppDelegate.m */,
				C2600ECD1B60D14300FC2274 /* ViewController.h */,
				C2600ECE1B60D14300FC2274 /* ViewController.m */,
				C2600EEC1B60D17200FC2274 /* SetterTest.h */,
				C2600EED1B60D17200FC2274 /* SetterTest.m */,
				C2600ED01B60D14300FC2274 /* Main.storyboard */,
				C2600ED31B60D14300FC2274 /* Images.xcassets */,
				C2600ED51B60D14300FC2274 /* LaunchScreen.xib */,
				C2600EC61B60D14300FC2274 /* Supporting Files */,
			);
			path = "笔试题练习";
			sourceTree = "<group>";
		};
		C2600EC61B60D14300FC2274 /* Supporting Files */ = {
			isa = PBXGroup;
			children = (
				C2600EC71B60D14300FC2274 /* Info.plist */,
				C2600EC81B60D14300FC2274 /* main.m */,
			);
			name = "Supporting Files";
			sourceTree = "<group>";
		};
		C2600EDF1B60D14300FC2274 /* 笔试题练习Tests */ = {
			isa = PBXGroup;
			children = (
				C2600EE21B60D14300FC2274 /* _____Tests.m */,
				C2600EE01B60D14300FC2274 /* Supporting Files */,
			);
			path = "笔试题练习Tests";
			sourceTree = "<group>";
		};
		C2600EE01B60D14300FC2274 /* Supporting Files */ = {
			isa = PBXGroup;
			children = (
				C2600EE11B60D14300FC2274 /* Info.plist */,
			);
			name = "Supporting Files";
			sourceTree = "<group>";
		};
/* End PBXGroup section */

/* Begin PBXNativeTarget section */
		C2600EC21B60D14300FC2274 /* 笔试题练习 */ = {
			isa = PBXNativeTarget;
			buildConfigurationList = C2600EE61B60D14300FC2274 /* Build configuration list for PBXNativeTarget "笔试题练习" */;
			buildPhases = (
				C2600EBF1B60D14300FC2274 /* Sources */,
				C2600EC01B60D14300FC2274 /* Frameworks */,
				C2600EC11B60D14300FC2274 /* Resources */,
			);
			buildRules = (
			);
			dependencies = (
			);
			name = "笔试题练习";
			productName = "笔试题练习";
			productReference = C2600EC31B60D14300FC2274 /* 笔试题练习.app */;
			productType = "com.apple.product-type.application";
		};
		C2600EDB1B60D14300FC2274 /* 笔试题练习Tests */ = {
			isa = PBXNativeTarget;
			buildConfigurationList = C2600EE91B60D14300FC2274 /* Build configuration list for PBXNativeTarget "笔试题练习Tests" */;
			buildPhases = (
				C2600ED81B60D14300FC2274 /* Sources */,
				C2600ED91B60D14300FC2274 /* Frameworks */,
				C2600EDA1B60D14300FC2274 /* Resources */,
			);
			buildRules = (
			);
			dependencies = (
				C2600EDE1B60D14300FC2274 /* PBXTargetDependency */,
			);
			name = "笔试题练习Tests";
			productName = "笔试题练习Tests";
			productReference = C2600EDC1B60D14300FC2274 /* 笔试题练习Tests.xctest */;
			productType = "com.apple.product-type.bundle.unit-test";
		};
/* End PBXNativeTarget section */

/* Begin PBXProject section */
		C2600EBB1B60D14300FC2274 /* Project object */ = {
			isa = PBXProject;
			attributes = {
				LastUpgradeCheck = 0610;
				ORGANIZATIONNAME = hehe;
				TargetAttributes = {
					C2600EC21B60D14300FC2274 = {
						CreatedOnToolsVersion = 6.1;
					};
					C2600EDB1B60D14300FC2274 = {
						CreatedOnToolsVersion = 6.1;
						TestTargetID = C2600EC21B60D14300FC2274;
					};
				};
			};
			buildConfigurationList = C2600EBE1B60D14300FC2274 /* Build configuration list for PBXProject "笔试题练习" */;
			compatibilityVersion = "Xcode 3.2";
			developmentRegion = English;
			hasScannedForEncodings = 0;
			knownRegions = (
				en,
				Base,
			);
			mainGroup = C2600EBA1B60D14300FC2274;
			productRefGroup = C2600EC41B60D14300FC2274 /* Products */;
			projectDirPath = "";
			projectRoot = "";
			targets = (
				C2600EC21B60D14300FC2274 /* 笔试题练习 */,
				C2600EDB1B60D14300FC2274 /* 笔试题练习Tests */,
			);
		};
/* End PBXProject section */

/* Begin PBXResourcesBuildPhase section */
		C2600EC11B60D14300FC2274 /* Resources */ = {
			isa = PBXResourcesBuildPhase;
			buildActionMask = 2147483647;
			files = (
				C2600ED21B60D14300FC2274 /* Main.storyboard in Resources */,
				C2600ED71B60D14300FC2274 /* LaunchScreen.xib in Resources */,
				C2600ED41B60D14300FC2274 /* Images.xcassets in Resources */,
			);
			runOnlyForDeploymentPostprocessing = 0;
		};
		C2600EDA1B60D14300FC2274 /* Resources */ = {
			isa = PBXResourcesBuildPhase;
			buildActionMask = 2147483647;
			files = (
			);
			runOnlyForDeploymentPostprocessing = 0;
		};
/* End PBXResourcesBuildPhase section */

/* Begin PBXSourcesBuildPhase section */
		C2600EBF1B60D14300FC2274 /* Sources */ = {
			isa = PBXSourcesBuildPhase;
			buildActionMask = 2147483647;
			files = (
				C2600ECF1B60D14300FC2274 /* ViewController.m in Sources */,
				C2600ECC1B60D14300FC2274 /* AppDelegate.m in Sources */,
				C2600EEE1B60D17200FC2274 /* SetterTest.m in Sources */,
				C2600EC91B60D14300FC2274 /* main.m in Sources */,
			);
			runOnlyForDeploymentPostprocessing = 0;
		};
		C2600ED81B60D14300FC2274 /* Sources */ = {
			isa = PBXSourcesBuildPhase;
			buildActionMask = 2147483647;
			files = (
				C2600EE31B60D14300FC2274 /* _____Tests.m in Sources */,
			);
			runOnlyForDeploymentPostprocessing = 0;
		};
/* End PBXSourcesBuildPhase section */

/* Begin PBXTargetDependency section */
		C2600EDE1B60D14300FC2274 /* PBXTargetDependency */ = {
			isa = PBXTargetDependency;
			target = C2600EC21B60D14300FC2274 /* 笔试题练习 */;
			targetProxy = C2600EDD1B60D14300FC2274 /* PBXContainerItemProxy */;
		};
/* End PBXTargetDependency section */

/* Begin PBXVariantGroup section */
		C2600ED01B60D14300FC2274 /* Main.storyboard */ = {
			isa = PBXVariantGroup;
			children = (
				C2600ED11B60D14300FC2274 /* Base */,
			);
			name = Main.storyboard;
			sourceTree = "<group>";
		};
		C2600ED51B60D14300FC2274 /* LaunchScreen.xib */ = {
			isa = PBXVariantGroup;
			children = (
				C2600ED61B60D14300FC2274 /* Base */,
			);
			name = LaunchScreen.xib;
			sourceTree = "<group>";
		};
/* End PBXVariantGroup section */

/* Begin XCBuildConfiguration section */
		C2600EE41B60D14300FC2274 /* Debug */ = {
			isa = XCBuildConfiguration;
			buildSettings = {
				ALWAYS_SEARCH_USER_PATHS = NO;
				CLANG_CXX_LANGUAGE_STANDARD = "gnu++0x";
				CLANG_CXX_LIBRARY = "libc++";
				CLANG_ENABLE_MODULES = YES;
				CLANG_ENABLE_OBJC_ARC = YES;
				CLANG_WARN_BOOL_CONVERSION = YES;
				CLANG_WARN_CONSTANT_CONVERSION = YES;
				CLANG_WARN_DIRECT_OBJC_ISA_USAGE = YES_ERROR;
				CLANG_WARN_EMPTY_BODY = YES;
				CLANG_WARN_ENUM_CONVERSION = YES;
				CLANG_WARN_INT_CONVERSION = YES;
				CLANG_WARN_OBJC_ROOT_CLASS = YES_ERROR;
				CLANG_WARN_UNREACHABLE_CODE = YES;
				CLANG_WARN__DUPLICATE_METHOD_MATCH = YES;
				"CODE_SIGN_IDENTITY[sdk=iphoneos*]" = "iPhone Developer";
				COPY_PHASE_STRIP = NO;
				ENABLE_STRICT_OBJC_MSGSEND = YES;
				GCC_C_LANGUAGE_STANDARD = gnu99;
				GCC_DYNAMIC_NO_PIC = NO;
				GCC_OPTIMIZATION_LEVEL = 0;
				GCC_PREPROCESSOR_DEFINITIONS = (
					"DEBUG=1",
					"$(inherited)",
				);
				GCC_SYMBOLS_PRIVATE_EXTERN = NO;
				GCC_WARN_64_TO_32_BIT_CONVERSION = YES;
				GCC_WARN_ABOUT_RETURN_TYPE = YES_ERROR;
				GCC_WARN_UNDECLARED_SELECTOR = YES;
				GCC_WARN_UNINITIALIZED_AUTOS = YES_AGGRESSIVE;
				GCC_WARN_UNUSED_FUNCTION = YES;
				GCC_WARN_UNUSED_VARIABLE = YES;
				IPHONEOS_DEPLOYMENT_TARGET = 8.1;
				MTL_ENABLE_DEBUG_INFO = YES;
				ONLY_ACTIVE_ARCH = YES;
				SDKROOT = iphoneos;
			};
			name = Debug;
		};
		C2600EE51B60D14300FC2274 /* Release */ = {
			isa = XCBuildConfiguration;
			buildSettings = {
				ALWAYS_SEARCH_USER_PATHS = NO;
				CLANG_CXX_LANGUAGE_STANDARD = "gnu++0x";
				CLANG_CXX_LIBRARY = "libc++";
				CLANG_ENABLE_MODULES = YES;
				CLANG_ENABLE_OBJC_ARC = YES;
				CLANG_WARN_BOOL_CONVERSION = YES;
				CLANG_WARN_CONSTANT_CONVERSION = YES;
				CLANG_WARN_DIRECT_OBJC_ISA_USAGE = YES_ERROR;
				CLANG_WARN_EMPTY_BODY = YES;
				CLANG_WARN_ENUM_CONVERSION = YES;
				CLANG_WARN_INT_CONVERSION = YES;
				CLANG_WARN_OBJC_ROOT_CLASS = YES_ERROR;
				CLANG_WARN_UNREACHABLE_CODE = YES;
				CLANG_WARN__DUPLICATE_METHOD_MATCH = YES;
				"CODE_SIGN_IDENTITY[sdk=iphoneos*]" = "iPhone Developer";
				COPY_PHASE_STRIP = YES;
				ENABLE_NS_ASSERTIONS = NO;
				ENABLE_STRICT_OBJC_MSGSEND = YES;
				GCC_C_LANGUAGE_STANDARD = gnu99;
				GCC_WARN_64_TO_32_BIT_CONVERSION = YES;
				GCC_WARN_ABOUT_RETURN_TYPE = YES_ERROR;
				GCC_WARN_UNDECLARED_SELECTOR = YES;
				GCC_WARN_UNINITIALIZED_AUTOS = YES_AGGRESSIVE;
				GCC_WARN_UNUSED_FUNCTION = YES;
				GCC_WARN_UNUSED_VARIABLE = YES;
				IPHONEOS_DEPLOYMENT_TARGET = 8.1;
				MTL_ENABLE_DEBUG_INFO = NO;
				SDKROOT = iphoneos;
				VALIDATE_PRODUCT = YES;
			};
			name = Release;
		};
		C2600EE71B60D14300FC2274 /* Debug */ = {
			isa = XCBuildConfiguration;
			buildSettings = {
				ASSETCATALOG_COMPILER_APPICON_NAME = AppIcon;
				CLANG_ENABLE_OBJC_ARC = NO;
				INFOPLIST_FILE = "笔试题练习/Info.plist";
				LD_RUNPATH_SEARCH_PATHS = "$(inherited) @executable_path/Frameworks";
				PRODUCT_NAME = "$(TARGET_NAME)";
			};
			name = Debug;
		};
		C2600EE81B60D14300FC2274 /* Release */ = {
			isa = XCBuildConfiguration;
			buildSettings = {
				ASSETCATALOG_COMPILER_APPICON_NAME = AppIcon;
				CLANG_ENABLE_OBJC_ARC = NO;
				INFOPLIST_FILE = "笔试题练习/Info.plist";
				LD_RUNPATH_SEARCH_PATHS = "$(inherited) @executable_path/Frameworks";
				PRODUCT_NAME = "$(TARGET_NAME)";
			};
			name = Release;
		};
		C2600EEA1B60D14300FC2274 /* Debug */ = {
			isa = XCBuildConfiguration;
			buildSettings = {
				BUNDLE_LOADER = "$(TEST_HOST)";
				FRAMEWORK_SEARCH_PATHS = (
					"$(SDKROOT)/Developer/Library/Frameworks",
					"$(inherited)",
				);
				GCC_PREPROCESSOR_DEFINITIONS = (
					"DEBUG=1",
					"$(inherited)",
				);
				INFOPLIST_FILE = "笔试题练习Tests/Info.plist";
				LD_RUNPATH_SEARCH_PATHS = "$(inherited) @executable_path/Frameworks @loader_path/Frameworks";
				PRODUCT_NAME = "$(TARGET_NAME)";
				TEST_HOST = "$(BUILT_PRODUCTS_DIR)/笔试题练习.app/笔试题练习";
			};
			name = Debug;
		};
		C2600EEB1B60D14300FC2274 /* Release */ = {
			isa = XCBuildConfiguration;
			buildSettings = {
				BUNDLE_LOADER = "$(TEST_HOST)";
				FRAMEWORK_SEARCH_PATHS = (
					"$(SDKROOT)/Developer/Library/Frameworks",
					"$(inherited)",
				);
				INFOPLIST_FILE = "笔试题练习Tests/Info.plist";
				LD_RUNPATH_SEARCH_PATHS = "$(inherited) @executable_path/Frameworks @loader_path/Frameworks";
				PRODUCT_NAME = "$(TARGET_NAME)";
				TEST_HOST = "$(BUILT_PRODUCTS_DIR)/笔试题练习.app/笔试题练习";
			};
			name = Release;
		};
/* End XCBuildConfiguration section */

/* Begin XCConfigurationList section */
		C2600EBE1B60D14300FC2274 /* Build configuration list for PBXProject "笔试题练习" */ = {
			isa = XCConfigurationList;
			buildConfigurations = (
				C2600EE41B60D14300FC2274 /* Debug */,
				C2600EE51B60D14300FC2274 /* Release */,
			);
			defaultConfigurationIsVisible = 0;
			defaultConfigurationName = Release;
		};
		C2600EE61B60D14300FC2274 /* Build configuration list for PBXNativeTarget "笔试题练习" */ = {
			isa = XCConfigurationList;
			buildConfigurations = (
				C2600EE71B60D14300FC2274 /* Debug */,
				C2600EE81B60D14300FC2274 /* Release */,
			);
			defaultConfigurationIsVisible = 0;
		};
		C2600EE91B60D14300FC2274 /* Build configuration list for PBXNativeTarget "笔试题练习Tests" */ = {
			isa = XCConfigurationList;
			buildConfigurations = (
				C2600EEA1B60D14300FC2274 /* Debug */,
				C2600EEB1B60D14300FC2274 /* Release */,
			);
			defaultConfigurationIsVisible = 0;
		};
/* End XCConfigurationList section */
	};
	rootObject = C2600EBB1B60D14300FC2274 /* Project object */;
}
